
Microsoft Visual Studio Solution File, Format Version 12.00
# Visual Studio 2012
Project("{FAE04EC0-301F-11D3-BF4B-00C04F79EFBC}") = "TANAPa-ePlan", "TANAPa-ePlan\TANAPa-ePlan.csproj", "{10ECCF3F-A45B-47FC-9D06-F1C1E054A8A9}"
EndProject
Global
	GlobalSection(SolutionConfigurationPlatforms) = preSolution
		Debug|Any CPU = Debug|Any CPU
		Release|Any CPU = Release|Any CPU
	EndGlobalSection
	GlobalSection(ProjectConfigurationPlatforms) = postSolution
		{10ECCF3F-A45B-47FC-9D06-F1C1E054A8A9}.Debug|Any CPU.ActiveCfg = Debug|Any CPU
		{10ECCF3F-A45B-47FC-9D06-F1C1E054A8A9}.Debug|Any CPU.Build.0 = Debug|Any CPU
		{10ECCF3F-A45B-47FC-9D06-F1C1E054A8A9}.Release|Any CPU.ActiveCfg = Release|Any CPU
		{10ECCF3F-A45B-47FC-9D06-F1C1E054A8A9}.Release|Any CPU.Build.0 = Release|Any CPU
	EndGlobalSection
	GlobalSection(SolutionProperties) = preSolution
		HideSolutionNode = FALSE
	EndGlobalSection
EndGlobal
